
Microsoft Visual Studio Solution File, Format Version 12.00
# Visual Studio Version 17
VisualStudioVersion = 17.3.32929.385
MinimumVisualStudioVersion = 10.0.40219.1
Project("{FAE04EC0-301F-11D3-BF4B-00C04F79EFBC}") = "3- WeekTasK_9007", "3- WeekTasK_9007.csproj", "{33CB73A4-5DE4-44B0-A592-791DF2047305}"
EndProject
Global
	GlobalSection(SolutionConfigurationPlatforms) = preSolution
		Debug|Any CPU = Debug|Any CPU
		Release|Any CPU = Release|Any CPU
	EndGlobalSection
	GlobalSection(ProjectConfigurationPlatforms) = postSolution
		{33CB73A4-5DE4-44B0-A592-791DF2047305}.Debug|Any CPU.ActiveCfg = Debug|Any CPU
		{33CB73A4-5DE4-44B0-A592-791DF2047305}.Debug|Any CPU.Build.0 = Debug|Any CPU
		{33CB73A4-5DE4-44B0-A592-791DF2047305}.Release|Any CPU.ActiveCfg = Release|Any CPU
		{33CB73A4-5DE4-44B0-A592-791DF2047305}.Release|Any CPU.Build.0 = Release|Any CPU
	EndGlobalSection
	GlobalSection(SolutionProperties) = preSolution
		HideSolutionNode = FALSE
	EndGlobalSection
	GlobalSection(ExtensibilityGlobals) = postSolution
		SolutionGuid = {62E180D8-9885-4E23-97F5-4F803FB28387}
	EndGlobalSection
EndGlobal
